dependencies:
- name: airflow
  repository: https://airflow.apache.org
  version: 1.14.0
- name: hive
  repository: file://charts/hive
  version: 1.0.0
- name: redis
  repository: file://charts/redis
  version: 1.0.0
- name: kafka
  repository: https://charts.bitnami.com/bitnami
  version: 26.8.0
- name: trino
  repository: file://charts/trino
  version: 1.0.0
- name: apollo
  repository: file://charts/apollo
  version: 1.0.0
- name: cerebrum
  repository: file://charts/cerebrum
  version: 1.0.0
- name: artemis
  repository: file://charts/artemis
  version: 1.0.0
- name: jobweaver
  repository: file://charts/jobweaver
  version: 1.0.0
- name: dex
  repository: file://charts/dex
  version: 1.0.0
- name: mirage
  repository: file://charts/mirage
  version: 1.0.0
- name: cosmos
  repository: file://charts/cosmos
  version: 1.0.0
- name: trinity
  repository: file://charts/trinity
  version: 1.0.0
- name: rangeradmin
  repository: file://charts/rangeradmin
  version: 1.0.0
- name: cortex
  repository: file://charts/cortex
  version: 1.0.0
- name: neo4j
  repository: file://charts/neo4j
  version: 0.1.0
- name: mysql
  repository: file://charts/mysql
  version: 1.0.0
- name: monitor
  repository: file://charts/monitor
  version: 1.0.0
digest: sha256:66f21316fd19fa2c03bc0079b6466fdb9bf27f4796e2e08298ae96d1bb28a5e7
generated: "2025-05-22T19:32:40.78498+05:30"